{
  "name": "edox-twitch-clip",
  "version": "1.0.0",
  "lockfileVersion": 1,
  "requires": true,
  "dependencies": {
    "dot-env": {
      "version": "0.0.1",
      "resolved": "https://registry.npmjs.org/dot-env/-/dot-env-0.0.1.tgz",
      "integrity": "sha1-5ENMuMaRQ+RFvCinKUN+T6vYjIA="
    }
  }
}
